# THIS IS AN AUTOGENERATED FILE. DO NOT EDIT THIS FILE DIRECTLY.
# yarn lockfile v1


redux-localstorage@^0.4.1:
  version "0.4.1"
  resolved "https://registry.yarnpkg.com/redux-localstorage/-/redux-localstorage-0.4.1.tgz#faf6d719c581397294d811473ffcedee065c933c"

redux-thunk@^2.2.0:
  version "2.2.0"
  resolved "https://registry.yarnpkg.com/redux-thunk/-/redux-thunk-2.2.0.tgz#e615a16e16b47a19a515766133d1e3e99b7852e5"
